
Microsoft Visual Studio Solution File, Format Version 11.00
# Visual Studio 2010
Project("{8BC9CEB8-8B4A-11D0-8D11-00A0C91BC942}") = "KTST Alarm", "KTST Alarm\KTST Alarm.vcxproj", "{14C87482-9812-4946-89CB-6B0457D1BE08}"
EndProject
Global
	GlobalSection(SolutionConfigurationPlatforms) = preSolution
		Debug|Win32 = Debug|Win32
		Release|Win32 = Release|Win32
	EndGlobalSection
	GlobalSection(ProjectConfigurationPlatforms) = postSolution
		{14C87482-9812-4946-89CB-6B0457D1BE08}.Debug|Win32.ActiveCfg = Debug|Win32
		{14C87482-9812-4946-89CB-6B0457D1BE08}.Debug|Win32.Build.0 = Debug|Win32
		{14C87482-9812-4946-89CB-6B0457D1BE08}.Release|Win32.ActiveCfg = Release|Win32
		{14C87482-9812-4946-89CB-6B0457D1BE08}.Release|Win32.Build.0 = Release|Win32
	EndGlobalSection
	GlobalSection(SolutionProperties) = preSolution
		HideSolutionNode = FALSE
	EndGlobalSection
EndGlobal
